dependencies:
- name: common
  repository: https://bjw-s.github.io/helm-charts
  version: 1.5.1
- name: postgresql
  repository: https://charts.bitnami.com/bitnami
  version: 16.3.4
digest: sha256:4445398ba95f714f0c20014a0a15de299411e4c71eef7b5fba1f132bf3f2bf8e
generated: "2025-01-01T01:33:11.132355288Z"
