dependencies:
- name: common
  repository: https://bjw-s-labs.github.io/helm-charts
  version: 1.5.1
- name: postgresql
  repository: https://charts.bitnami.com/bitnami
  version: 16.7.2
digest: sha256:0c7118e88b7471c7fe20630e56977f689d1dd3dbcc7701fa020b82391ac76286
generated: "2025-05-12T11:17:28.43728517Z"
